
Microsoft Visual Studio Solution File, Format Version 12.00
# Visual Studio 2013
VisualStudioVersion = 12.0.40629.0
MinimumVisualStudioVersion = 10.0.40219.1
Project("{FAE04EC0-301F-11D3-BF4B-00C04F79EFBC}") = "FindBusiness", "FindBusiness\FindBusiness.csproj", "{B8AC5A6E-0B19-4728-B538-B88BCFC21843}"
EndProject
Project("{FAE04EC0-301F-11D3-BF4B-00C04F79EFBC}") = "FindPerson", "FindPerson\FindPerson.csproj", "{79BCB968-DC52-4159-AE5B-61424147136F}"
EndProject
Project("{FAE04EC0-301F-11D3-BF4B-00C04F79EFBC}") = "ReverseAddress", "ReverseAddress\ReverseAddress.csproj", "{A169F8C3-9390-4FC6-B89E-FB9A582E3D11}"
EndProject
Project("{FAE04EC0-301F-11D3-BF4B-00C04F79EFBC}") = "ReversePhone", "ReversePhone\ReversePhone.csproj", "{0A81B415-D9FD-46BC-965D-272C8EA88E86}"
EndProject
Project("{FAE04EC0-301F-11D3-BF4B-00C04F79EFBC}") = "ExamplesLibrary", "ExamplesLibrary\ExamplesLibrary.csproj", "{46C3C84B-5F46-4148-B5EA-98F636FFE6F8}"
EndProject
Project("{FAE04EC0-301F-11D3-BF4B-00C04F79EFBC}") = "ProApiLibraryTests", "ProApiLibraryTests\ProApiLibraryTests.csproj", "{1AC14389-8B27-4872-80E6-728B5951FE41}"
EndProject
Project("{2150E333-8FDC-42A3-9474-1A3956D46DE8}") = ".nuget", ".nuget", "{4685443E-FA7F-4AA6-9CEE-FA3A96C2B77E}"
	ProjectSection(SolutionItems) = preProject
		.nuget\NuGet.Config = .nuget\NuGet.Config
		.nuget\NuGet.targets = .nuget\NuGet.targets
	EndProjectSection
EndProject
Project("{FAE04EC0-301F-11D3-BF4B-00C04F79EFBC}") = "ProApiLibrary_PCL", "ProApiLibrary_PCL\ProApiLibrary_PCL.csproj", "{13AA2DBD-5CAA-4534-9322-9097B75049C4}"
EndProject
Global
	GlobalSection(SolutionConfigurationPlatforms) = preSolution
		Debug|Any CPU = Debug|Any CPU
		Release|Any CPU = Release|Any CPU
	EndGlobalSection
	GlobalSection(ProjectConfigurationPlatforms) = postSolution
		{B8AC5A6E-0B19-4728-B538-B88BCFC21843}.Debug|Any CPU.ActiveCfg = Debug|Any CPU
		{B8AC5A6E-0B19-4728-B538-B88BCFC21843}.Debug|Any CPU.Build.0 = Debug|Any CPU
		{B8AC5A6E-0B19-4728-B538-B88BCFC21843}.Release|Any CPU.ActiveCfg = Release|Any CPU
		{B8AC5A6E-0B19-4728-B538-B88BCFC21843}.Release|Any CPU.Build.0 = Release|Any CPU
		{79BCB968-DC52-4159-AE5B-61424147136F}.Debug|Any CPU.ActiveCfg = Debug|Any CPU
		{79BCB968-DC52-4159-AE5B-61424147136F}.Debug|Any CPU.Build.0 = Debug|Any CPU
		{79BCB968-DC52-4159-AE5B-61424147136F}.Release|Any CPU.ActiveCfg = Release|Any CPU
		{79BCB968-DC52-4159-AE5B-61424147136F}.Release|Any CPU.Build.0 = Release|Any CPU
		{A169F8C3-9390-4FC6-B89E-FB9A582E3D11}.Debug|Any CPU.ActiveCfg = Debug|Any CPU
		{A169F8C3-9390-4FC6-B89E-FB9A582E3D11}.Debug|Any CPU.Build.0 = Debug|Any CPU
		{A169F8C3-9390-4FC6-B89E-FB9A582E3D11}.Release|Any CPU.ActiveCfg = Release|Any CPU
		{A169F8C3-9390-4FC6-B89E-FB9A582E3D11}.Release|Any CPU.Build.0 = Release|Any CPU
		{0A81B415-D9FD-46BC-965D-272C8EA88E86}.Debug|Any CPU.ActiveCfg = Debug|Any CPU
		{0A81B415-D9FD-46BC-965D-272C8EA88E86}.Debug|Any CPU.Build.0 = Debug|Any CPU
		{0A81B415-D9FD-46BC-965D-272C8EA88E86}.Release|Any CPU.ActiveCfg = Release|Any CPU
		{0A81B415-D9FD-46BC-965D-272C8EA88E86}.Release|Any CPU.Build.0 = Release|Any CPU
		{46C3C84B-5F46-4148-B5EA-98F636FFE6F8}.Debug|Any CPU.ActiveCfg = Debug|Any CPU
		{46C3C84B-5F46-4148-B5EA-98F636FFE6F8}.Debug|Any CPU.Build.0 = Debug|Any CPU
		{46C3C84B-5F46-4148-B5EA-98F636FFE6F8}.Release|Any CPU.ActiveCfg = Release|Any CPU
		{46C3C84B-5F46-4148-B5EA-98F636FFE6F8}.Release|Any CPU.Build.0 = Release|Any CPU
		{1AC14389-8B27-4872-80E6-728B5951FE41}.Debug|Any CPU.ActiveCfg = Debug|Any CPU
		{1AC14389-8B27-4872-80E6-728B5951FE41}.Debug|Any CPU.Build.0 = Debug|Any CPU
		{1AC14389-8B27-4872-80E6-728B5951FE41}.Release|Any CPU.ActiveCfg = Release|Any CPU
		{1AC14389-8B27-4872-80E6-728B5951FE41}.Release|Any CPU.Build.0 = Release|Any CPU
		{13AA2DBD-5CAA-4534-9322-9097B75049C4}.Debug|Any CPU.ActiveCfg = Debug|Any CPU
		{13AA2DBD-5CAA-4534-9322-9097B75049C4}.Debug|Any CPU.Build.0 = Debug|Any CPU
		{13AA2DBD-5CAA-4534-9322-9097B75049C4}.Release|Any CPU.ActiveCfg = Release|Any CPU
		{13AA2DBD-5CAA-4534-9322-9097B75049C4}.Release|Any CPU.Build.0 = Release|Any CPU
	EndGlobalSection
	GlobalSection(SolutionProperties) = preSolution
		HideSolutionNode = FALSE
	EndGlobalSection
EndGlobal
